
Microsoft Visual Studio Solution File, Format Version 12.00
# Visual Studio Version 17
VisualStudioVersion = 17.10.35004.147
MinimumVisualStudioVersion = 10.0.40219.1
Project("{FAE04EC0-301F-11D3-BF4B-00C04F79EFBC}") = "KeyPress", "KeyPress.csproj", "{B2057F06-EF3B-4799-B835-6714B77217CF}"
EndProject
Global
	GlobalSection(SolutionConfigurationPlatforms) = preSolution
		Debug|Any CPU = Debug|Any CPU
		Release|Any CPU = Release|Any CPU
	EndGlobalSection
	GlobalSection(ProjectConfigurationPlatforms) = postSolution
		{B2057F06-EF3B-4799-B835-6714B77217CF}.Debug|Any CPU.ActiveCfg = Debug|Any CPU
		{B2057F06-EF3B-4799-B835-6714B77217CF}.Debug|Any CPU.Build.0 = Debug|Any CPU
		{B2057F06-EF3B-4799-B835-6714B77217CF}.Release|Any CPU.ActiveCfg = Release|Any CPU
		{B2057F06-EF3B-4799-B835-6714B77217CF}.Release|Any CPU.Build.0 = Release|Any CPU
	EndGlobalSection
	GlobalSection(SolutionProperties) = preSolution
		HideSolutionNode = FALSE
	EndGlobalSection
	GlobalSection(ExtensibilityGlobals) = postSolution
		SolutionGuid = {A9BF3DB1-28A5-4C80-B007-7CC09E9CC5FE}
	EndGlobalSection
EndGlobal
